
Microsoft Visual Studio Solution File, Format Version 12.00
# Visual Studio Version 17
VisualStudioVersion = 17.5.33530.505
MinimumVisualStudioVersion = 10.0.40219.1
Project("{FAE04EC0-301F-11D3-BF4B-00C04F79EFBC}") = "AEROPUERTO", "AEROPUERTO\AEROPUERTO.csproj", "{EFF51563-C8EA-47AF-B89C-DE70B0020C63}"
EndProject
Global
	GlobalSection(SolutionConfigurationPlatforms) = preSolution
		Debug|Any CPU = Debug|Any CPU
		Release|Any CPU = Release|Any CPU
	EndGlobalSection
	GlobalSection(ProjectConfigurationPlatforms) = postSolution
		{EFF51563-C8EA-47AF-B89C-DE70B0020C63}.Debug|Any CPU.ActiveCfg = Debug|Any CPU
		{EFF51563-C8EA-47AF-B89C-DE70B0020C63}.Debug|Any CPU.Build.0 = Debug|Any CPU
		{EFF51563-C8EA-47AF-B89C-DE70B0020C63}.Release|Any CPU.ActiveCfg = Release|Any CPU
		{EFF51563-C8EA-47AF-B89C-DE70B0020C63}.Release|Any CPU.Build.0 = Release|Any CPU
	EndGlobalSection
	GlobalSection(SolutionProperties) = preSolution
		HideSolutionNode = FALSE
	EndGlobalSection
	GlobalSection(ExtensibilityGlobals) = postSolution
		SolutionGuid = {4A9AEF3E-FAA1-44FF-A439-23A1B4804BD4}
	EndGlobalSection
EndGlobal
